
Microsoft Visual Studio Solution File, Format Version 9.00
# Visual Studio 2005
Project("{8BC9CEB8-8B4A-11D0-8D11-00A0C91BC942}") = "HotSquare", "HotSquare2005.vcproj", "{4EFC3FEE-9671-4A77-B69A-68DDA53C8854}"
EndProject
Project("{8BC9CEB8-8B4A-11D0-8D11-00A0C91BC942}") = "Test1", "..\..\..\Temp\Test1\Test1.vcproj", "{2201A214-A104-4627-860E-5415B8B419EE}"
EndProject
Global
	GlobalSection(DPCodeReviewSolutionGUID) = preSolution
		DPCodeReviewSolutionGUID = {00000000-0000-0000-0000-000000000000}
	EndGlobalSection
	GlobalSection(SolutionConfigurationPlatforms) = preSolution
		Debug|Win32 = Debug|Win32
		Release|Win32 = Release|Win32
	EndGlobalSection
	GlobalSection(ProjectConfigurationPlatforms) = postSolution
		{4EFC3FEE-9671-4A77-B69A-68DDA53C8854}.Debug|Win32.ActiveCfg = Debug|Win32
		{4EFC3FEE-9671-4A77-B69A-68DDA53C8854}.Debug|Win32.Build.0 = Debug|Win32
		{4EFC3FEE-9671-4A77-B69A-68DDA53C8854}.Release|Win32.ActiveCfg = Release|Win32
		{4EFC3FEE-9671-4A77-B69A-68DDA53C8854}.Release|Win32.Build.0 = Release|Win32
		{2201A214-A104-4627-860E-5415B8B419EE}.Debug|Win32.ActiveCfg = Debug|Win32
		{2201A214-A104-4627-860E-5415B8B419EE}.Debug|Win32.Build.0 = Debug|Win32
		{2201A214-A104-4627-860E-5415B8B419EE}.Release|Win32.ActiveCfg = Release|Win32
		{2201A214-A104-4627-860E-5415B8B419EE}.Release|Win32.Build.0 = Release|Win32
	EndGlobalSection
	GlobalSection(SolutionProperties) = preSolution
		HideSolutionNode = FALSE
	EndGlobalSection
EndGlobal
