
Microsoft Visual Studio Solution File, Format Version 9.00
# Visual Studio 2005
Project("{8BC9CEB8-8B4A-11D0-8D11-00A0C91BC942}") = "JIRADB", "JIRADB.vcproj", "{23A2C437-5A1A-4157-A68E-0BB43F9A306D}"
EndProject
Global
	GlobalSection(SolutionConfigurationPlatforms) = preSolution
		Debug|Win32 = Debug|Win32
		Release|Win32 = Release|Win32
	EndGlobalSection
	GlobalSection(ProjectConfigurationPlatforms) = postSolution
		{23A2C437-5A1A-4157-A68E-0BB43F9A306D}.Debug|Win32.ActiveCfg = Debug|Win32
		{23A2C437-5A1A-4157-A68E-0BB43F9A306D}.Debug|Win32.Build.0 = Debug|Win32
		{23A2C437-5A1A-4157-A68E-0BB43F9A306D}.Release|Win32.ActiveCfg = Release|Win32
		{23A2C437-5A1A-4157-A68E-0BB43F9A306D}.Release|Win32.Build.0 = Release|Win32
	EndGlobalSection
	GlobalSection(SolutionProperties) = preSolution
		HideSolutionNode = FALSE
	EndGlobalSection
EndGlobal
